{
  "lockfileVersion": 1,
  "workspaces": {
    "": {
      "name": "eq-spell-graph",
      "dependencies": {
        "cytoscape": "^3.30.4",
      },
      "devDependencies": {
        "@types/cytoscape": "^3.21.8",
        "typescript": "^5.7.0",
      },
    },
  },
  "packages": {
    "@types/cytoscape": ["@types/cytoscape@3.31.0", "", { "dependencies": { "cytoscape": "*" } }, "sha512-EXHOHxqQjGxLDEh5cP4te6J0bi7LbCzmZkzsR6f703igUac8UGMdEohMyU3GHAayCTZrLQOMnaE/lqB2Ekh8Ww=="],

    "cytoscape": ["cytoscape@3.34.0", "", {}, "sha512-62rNSrioXw93uliKFBwjukeQyeWwH2PqDrTac31r2P6464u3AUvTk0xS4LVvT251g7IgkFunrI48ZEZGjywSOg=="],

    "typescript": ["typescript@5.9.3", "", { "bin": { "tsc": "bin/tsc", "tsserver": "bin/tsserver" } }, "sha512-jl1vZzPDinLr9eUt3J/t7V6FgNEw9QjvBPdysz9KfQDD41fQrC2Y4vKQdiaUpFT4bXlb1RHhLpp8wtm6M5TgSw=="],
  }
}
